
Microsoft Visual Studio Solution File, Format Version 12.00
# Visual Studio Version 17
VisualStudioVersion = 17.8.34525.116
MinimumVisualStudioVersion = 10.0.40219.1
Project("{FAE04EC0-301F-11D3-BF4B-00C04F79EFBC}") = "Lab 24 Shovkoplias", "Lab 24 Shovkoplias.csproj", "{1A134AB7-F0F5-48C3-9D0C-B42DEE7CD136}"
EndProject
Global
	GlobalSection(SolutionConfigurationPlatforms) = preSolution
		Debug|Any CPU = Debug|Any CPU
		Release|Any CPU = Release|Any CPU
	EndGlobalSection
	GlobalSection(ProjectConfigurationPlatforms) = postSolution
		{1A134AB7-F0F5-48C3-9D0C-B42DEE7CD136}.Debug|Any CPU.ActiveCfg = Debug|Any CPU
		{1A134AB7-F0F5-48C3-9D0C-B42DEE7CD136}.Debug|Any CPU.Build.0 = Debug|Any CPU
		{1A134AB7-F0F5-48C3-9D0C-B42DEE7CD136}.Release|Any CPU.ActiveCfg = Release|Any CPU
		{1A134AB7-F0F5-48C3-9D0C-B42DEE7CD136}.Release|Any CPU.Build.0 = Release|Any CPU
	EndGlobalSection
	GlobalSection(SolutionProperties) = preSolution
		HideSolutionNode = FALSE
	EndGlobalSection
	GlobalSection(ExtensibilityGlobals) = postSolution
		SolutionGuid = {72375E4B-2B4B-4259-AAF3-BFE15E46F6B4}
	EndGlobalSection
EndGlobal
